
Microsoft Visual Studio Solution File, Format Version 12.00
# Visual Studio Version 17
VisualStudioVersion = 17.3.32901.215
MinimumVisualStudioVersion = 10.0.40219.1
Project("{FAE04EC0-301F-11D3-BF4B-00C04F79EFBC}") = "22_04_23_1", "22_04_23_1\22_04_23_1.csproj", "{D309DD22-37AF-47B6-BF10-BB402AE2730B}"
EndProject
Global
	GlobalSection(SolutionConfigurationPlatforms) = preSolution
		Debug|Any CPU = Debug|Any CPU
		Release|Any CPU = Release|Any CPU
	EndGlobalSection
	GlobalSection(ProjectConfigurationPlatforms) = postSolution
		{D309DD22-37AF-47B6-BF10-BB402AE2730B}.Debug|Any CPU.ActiveCfg = Debug|Any CPU
		{D309DD22-37AF-47B6-BF10-BB402AE2730B}.Debug|Any CPU.Build.0 = Debug|Any CPU
		{D309DD22-37AF-47B6-BF10-BB402AE2730B}.Release|Any CPU.ActiveCfg = Release|Any CPU
		{D309DD22-37AF-47B6-BF10-BB402AE2730B}.Release|Any CPU.Build.0 = Release|Any CPU
	EndGlobalSection
	GlobalSection(SolutionProperties) = preSolution
		HideSolutionNode = FALSE
	EndGlobalSection
	GlobalSection(ExtensibilityGlobals) = postSolution
		SolutionGuid = {54905308-1A17-47A3-8056-1EE2B6C57769}
	EndGlobalSection
EndGlobal
